
Microsoft Visual Studio Solution File, Format Version 11.00
# Visual Studio 2010
Project("{8BC9CEB8-8B4A-11D0-8D11-00A0C91BC942}") = "Lab2 Task3 C++", "Lab2 Task3 C++\Lab2 Task3 C++.vcxproj", "{65EF43B6-8AD5-44F8-980C-96EFCB2783F0}"
EndProject
Global
	GlobalSection(SolutionConfigurationPlatforms) = preSolution
		Debug|Win32 = Debug|Win32
		Release|Win32 = Release|Win32
	EndGlobalSection
	GlobalSection(ProjectConfigurationPlatforms) = postSolution
		{65EF43B6-8AD5-44F8-980C-96EFCB2783F0}.Debug|Win32.ActiveCfg = Debug|Win32
		{65EF43B6-8AD5-44F8-980C-96EFCB2783F0}.Debug|Win32.Build.0 = Debug|Win32
		{65EF43B6-8AD5-44F8-980C-96EFCB2783F0}.Release|Win32.ActiveCfg = Release|Win32
		{65EF43B6-8AD5-44F8-980C-96EFCB2783F0}.Release|Win32.Build.0 = Release|Win32
	EndGlobalSection
	GlobalSection(SolutionProperties) = preSolution
		HideSolutionNode = FALSE
	EndGlobalSection
EndGlobal
