
Microsoft Visual Studio Solution File, Format Version 11.00
# Visual Studio 2010
Project("{8BC9CEB8-8B4A-11D0-8D11-00A0C91BC942}") = "MyTask 3", "MyTask 3\MyTask 3.vcxproj", "{DE2B8D05-125D-4C29-9428-AB3E2E5DAB72}"
EndProject
Global
	GlobalSection(SolutionConfigurationPlatforms) = preSolution
		Debug|Win32 = Debug|Win32
		Release|Win32 = Release|Win32
	EndGlobalSection
	GlobalSection(ProjectConfigurationPlatforms) = postSolution
		{DE2B8D05-125D-4C29-9428-AB3E2E5DAB72}.Debug|Win32.ActiveCfg = Debug|Win32
		{DE2B8D05-125D-4C29-9428-AB3E2E5DAB72}.Debug|Win32.Build.0 = Debug|Win32
		{DE2B8D05-125D-4C29-9428-AB3E2E5DAB72}.Release|Win32.ActiveCfg = Release|Win32
		{DE2B8D05-125D-4C29-9428-AB3E2E5DAB72}.Release|Win32.Build.0 = Release|Win32
	EndGlobalSection
	GlobalSection(SolutionProperties) = preSolution
		HideSolutionNode = FALSE
	EndGlobalSection
EndGlobal
